
Microsoft Visual Studio Solution File, Format Version 12.00
# Visual Studio Version 16
VisualStudioVersion = 16.0.32228.343
MinimumVisualStudioVersion = 10.0.40219.1
Project("{FAE04EC0-301F-11D3-BF4B-00C04F79EFBC}") = "TheBlogProject", "TheBlogProject.csproj", "{4ABEF66A-8CB1-4B3C-8E17-416644DCBBAE}"
EndProject
Global
	GlobalSection(SolutionConfigurationPlatforms) = preSolution
		Debug|Any CPU = Debug|Any CPU
		Release|Any CPU = Release|Any CPU
	EndGlobalSection
	GlobalSection(ProjectConfigurationPlatforms) = postSolution
		{4ABEF66A-8CB1-4B3C-8E17-416644DCBBAE}.Debug|Any CPU.ActiveCfg = Debug|Any CPU
		{4ABEF66A-8CB1-4B3C-8E17-416644DCBBAE}.Debug|Any CPU.Build.0 = Debug|Any CPU
		{4ABEF66A-8CB1-4B3C-8E17-416644DCBBAE}.Release|Any CPU.ActiveCfg = Release|Any CPU
		{4ABEF66A-8CB1-4B3C-8E17-416644DCBBAE}.Release|Any CPU.Build.0 = Release|Any CPU
	EndGlobalSection
	GlobalSection(SolutionProperties) = preSolution
		HideSolutionNode = FALSE
	EndGlobalSection
	GlobalSection(ExtensibilityGlobals) = postSolution
		SolutionGuid = {686D9C05-5D31-41C9-A5DD-310FB8569ED6}
	EndGlobalSection
EndGlobal
